
Microsoft Visual Studio Solution File, Format Version 12.00
# Visual Studio 14
VisualStudioVersion = 14.0.25420.1
MinimumVisualStudioVersion = 10.0.40219.1
Project("{FAE04EC0-301F-11D3-BF4B-00C04F79EFBC}") = "ACHGenerator", "ACHGenerator\ACHGenerator.csproj", "{11F1AB88-C85A-454F-9324-51F1BC3D4888}"
EndProject
Project("{FAE04EC0-301F-11D3-BF4B-00C04F79EFBC}") = "ACHFileGeneratorConsole", "ACHFileGeneratorConsole\ACHFileGeneratorConsole.csproj", "{CD8D0419-5472-4585-AECD-2F7FB5F762E2}"
EndProject
Project("{FAE04EC0-301F-11D3-BF4B-00C04F79EFBC}") = "UnitTests", "UnitTests\UnitTests.csproj", "{FF714F30-A5B6-487B-BF99-D9E3EB3CC302}"
EndProject
Global
	GlobalSection(SolutionConfigurationPlatforms) = preSolution
		Debug|Any CPU = Debug|Any CPU
		Release|Any CPU = Release|Any CPU
	EndGlobalSection
	GlobalSection(ProjectConfigurationPlatforms) = postSolution
		{11F1AB88-C85A-454F-9324-51F1BC3D4888}.Debug|Any CPU.ActiveCfg = Debug|Any CPU
		{11F1AB88-C85A-454F-9324-51F1BC3D4888}.Debug|Any CPU.Build.0 = Debug|Any CPU
		{11F1AB88-C85A-454F-9324-51F1BC3D4888}.Release|Any CPU.ActiveCfg = Release|Any CPU
		{11F1AB88-C85A-454F-9324-51F1BC3D4888}.Release|Any CPU.Build.0 = Release|Any CPU
		{CD8D0419-5472-4585-AECD-2F7FB5F762E2}.Debug|Any CPU.ActiveCfg = Debug|Any CPU
		{CD8D0419-5472-4585-AECD-2F7FB5F762E2}.Debug|Any CPU.Build.0 = Debug|Any CPU
		{CD8D0419-5472-4585-AECD-2F7FB5F762E2}.Release|Any CPU.ActiveCfg = Release|Any CPU
		{CD8D0419-5472-4585-AECD-2F7FB5F762E2}.Release|Any CPU.Build.0 = Release|Any CPU
		{FF714F30-A5B6-487B-BF99-D9E3EB3CC302}.Debug|Any CPU.ActiveCfg = Debug|Any CPU
		{FF714F30-A5B6-487B-BF99-D9E3EB3CC302}.Debug|Any CPU.Build.0 = Debug|Any CPU
		{FF714F30-A5B6-487B-BF99-D9E3EB3CC302}.Release|Any CPU.ActiveCfg = Release|Any CPU
		{FF714F30-A5B6-487B-BF99-D9E3EB3CC302}.Release|Any CPU.Build.0 = Release|Any CPU
	EndGlobalSection
	GlobalSection(SolutionProperties) = preSolution
		HideSolutionNode = FALSE
	EndGlobalSection
EndGlobal
